
Microsoft Visual Studio Solution File, Format Version 12.00
# Visual Studio 2017
Project("{FAE04EC0-301F-11D3-BF4B-00C04F79EFBC}") = "Pokemon", "Pokemon.csproj", "{2BA0E587-8DE9-DE32-9A64-88C1A25CDF35}"
EndProject
Project("{FAE04EC0-301F-11D3-BF4B-00C04F79EFBC}") = "Pokemon.Editor", "Pokemon.Editor.csproj", "{A81D38D4-925A-7054-4953-AE8DA23F2988}"
EndProject
Project("{FAE04EC0-301F-11D3-BF4B-00C04F79EFBC}") = "DAL_Remake", "DAL_Remake\DAL_Remake.csproj", "{5CEF3C99-6E7A-406D-9C11-ED9BEA5798B9}"
EndProject
Global
	GlobalSection(SolutionConfigurationPlatforms) = preSolution
		Debug|Any CPU = Debug|Any CPU
		Release|Any CPU = Release|Any CPU
	EndGlobalSection
	GlobalSection(ProjectConfigurationPlatforms) = postSolution
		{443AEE82-87C1-8211-D5BC-E3CA1CC4F237}.Debug|Any CPU.ActiveCfg = Debug|Any CPU
		{443AEE82-87C1-8211-D5BC-E3CA1CC4F237}.Debug|Any CPU.Build.0 = Debug|Any CPU
		{443AEE82-87C1-8211-D5BC-E3CA1CC4F237}.Release|Any CPU.ActiveCfg = Release|Any CPU
		{443AEE82-87C1-8211-D5BC-E3CA1CC4F237}.Release|Any CPU.Build.0 = Release|Any CPU
		{31DD98F8-5834-FE37-0160-C6D35F6D6408}.Debug|Any CPU.ActiveCfg = Debug|Any CPU
		{31DD98F8-5834-FE37-0160-C6D35F6D6408}.Debug|Any CPU.Build.0 = Debug|Any CPU
		{31DD98F8-5834-FE37-0160-C6D35F6D6408}.Release|Any CPU.ActiveCfg = Release|Any CPU
		{31DD98F8-5834-FE37-0160-C6D35F6D6408}.Release|Any CPU.Build.0 = Release|Any CPU
		{5CEF3C99-6E7A-406D-9C11-ED9BEA5798B9}.Debug|Any CPU.ActiveCfg = Debug|Any CPU
		{5CEF3C99-6E7A-406D-9C11-ED9BEA5798B9}.Debug|Any CPU.Build.0 = Debug|Any CPU
		{5CEF3C99-6E7A-406D-9C11-ED9BEA5798B9}.Release|Any CPU.ActiveCfg = Release|Any CPU
		{5CEF3C99-6E7A-406D-9C11-ED9BEA5798B9}.Release|Any CPU.Build.0 = Release|Any CPU
	EndGlobalSection
	GlobalSection(SolutionProperties) = preSolution
		HideSolutionNode = FALSE
	EndGlobalSection
EndGlobal
