
Microsoft Visual Studio Solution File, Format Version 12.00
# Visual Studio 2017
Project("{FAE04EC0-301F-11D3-BF4B-00C04F79EFBC}") = "Pokemon", "Pokemon.csproj", "{2BA0E587-8DE9-DE32-9A64-88C1A25CDF35}"
EndProject
Project("{FAE04EC0-301F-11D3-BF4B-00C04F79EFBC}") = "Classes", "Classes\Classes.csproj", "{564DA5AA-C690-4456-A107-0C2824E0292E}"
EndProject
Global
	GlobalSection(SolutionConfigurationPlatforms) = preSolution
		Debug|Any CPU = Debug|Any CPU
		Release|Any CPU = Release|Any CPU
	EndGlobalSection
	GlobalSection(ProjectConfigurationPlatforms) = postSolution
		{2BA0E587-8DE9-DE32-9A64-88C1A25CDF35}.Debug|Any CPU.ActiveCfg = Debug|Any CPU
		{2BA0E587-8DE9-DE32-9A64-88C1A25CDF35}.Debug|Any CPU.Build.0 = Debug|Any CPU
		{2BA0E587-8DE9-DE32-9A64-88C1A25CDF35}.Release|Any CPU.ActiveCfg = Release|Any CPU
		{2BA0E587-8DE9-DE32-9A64-88C1A25CDF35}.Release|Any CPU.Build.0 = Release|Any CPU
		{564DA5AA-C690-4456-A107-0C2824E0292E}.Debug|Any CPU.ActiveCfg = Debug|Any CPU
		{564DA5AA-C690-4456-A107-0C2824E0292E}.Debug|Any CPU.Build.0 = Debug|Any CPU
		{564DA5AA-C690-4456-A107-0C2824E0292E}.Release|Any CPU.ActiveCfg = Release|Any CPU
		{564DA5AA-C690-4456-A107-0C2824E0292E}.Release|Any CPU.Build.0 = Release|Any CPU
	EndGlobalSection
	GlobalSection(SolutionProperties) = preSolution
		HideSolutionNode = FALSE
	EndGlobalSection
EndGlobal
